// !$*UTF8*$!
{
	archiveVersion = 1;
	classes = {
	};
	objectVersion = 56;
	objects = {

/* Begin PBXBuildFile section */
		FB1D00E82AEBEC0C0079D8CA /* TaskView.swift in Sources */ = {isa = PBXBuildFile; fileRef = FB1D00E72AEBEC0B0079D8CA /* TaskView.swift */; };
		FBE9D5F82AE3CB0B00933E1F /* To_doApp.swift in Sources */ = {isa = PBXBuildFile; fileRef = FBE9D5F72AE3CB0B00933E1F /* To_doApp.swift */; };
		FBE9D5FA2AE3CB0B00933E1F /* ContentView.swift in Sources */ = {isa = PBXBuildFile; fileRef = FBE9D5F92AE3CB0B00933E1F /* ContentView.swift */; };
		FBE9D5FC2AE3CB0D00933E1F /* Assets.xcassets in Resources */ = {isa = PBXBuildFile; fileRef = FBE9D5FB2AE3CB0D00933E1F /* Assets.xcassets */; };
		FBE9D5FF2AE3CB0D00933E1F /* Preview Assets.xcassets in Resources */ = {isa = PBXBuildFile; fileRef = FBE9D5FE2AE3CB0D00933E1F /* Preview Assets.xcassets */; };
		FBE9D6092AE3CB0D00933E1F /* To_doTests.swift in Sources */ = {isa = PBXBuildFile; fileRef = FBE9D6082AE3CB0D00933E1F /* To_doTests.swift */; };
		FBE9D6132AE3CB0D00933E1F /* To_doUITests.swift in Sources */ = {isa = PBXBuildFile; fileRef = FBE9D6122AE3CB0D00933E1F /* To_doUITests.swift */; };
		FBE9D6152AE3CB0D00933E1F /* To_doUITestsLaunchTests.swift in Sources */ = {isa = PBXBuildFile; fileRef = FBE9D6142AE3CB0D00933E1F /* To_doUITestsLaunchTests.swift */; };
/* End PBXBuildFile section */

/* Begin PBXContainerItemProxy section */
		FBE9D6052AE3CB0D00933E1F /* PBXContainerItemProxy */ = {
			isa = PBXContainerItemProxy;
			containerPortal = FBE9D5EC2AE3CB0B00933E1F /* Project object */;
			proxyType = 1;
			remoteGlobalIDString = FBE9D5F32AE3CB0B00933E1F;
			remoteInfo = "To-do";
		};
		FBE9D60F2AE3CB0D00933E1F /* PBXContainerItemProxy */ = {
			isa = PBXContainerItemProxy;
			containerPortal = FBE9D5EC2AE3CB0B00933E1F /* Project object */;
			proxyType = 1;
			remoteGlobalIDString = FBE9D5F32AE3CB0B00933E1F;
			remoteInfo = "To-do";
		};
/* End PBXContainerItemProxy section */

/* Begin PBXFileReference section */
		FB1D00E72AEBEC0B0079D8CA /* TaskView.swift */ = {isa = PBXFileReference; fileEncoding = 4; lastKnownFileType = sourcecode.swift; path = TaskView.swift; sourceTree = "<group>"; };
		FBE9D5F42AE3CB0B00933E1F /* To-do.app */ = {isa = PBXFileReference; explicitFileType = wrapper.application; includeInIndex = 0; path = "To-do.app"; sourceTree = BUILT_PRODUCTS_DIR; };
		FBE9D5F72AE3CB0B00933E1F /* To_doApp.swift */ = {isa = PBXFileReference; lastKnownFileType = sourcecode.swift; path = To_doApp.swift; sourceTree = "<group>"; };
		FBE9D5F92AE3CB0B00933E1F /* ContentView.swift */ = {isa = PBXFileReference; lastKnownFileType = sourcecode.swift; path = ContentView.swift; sourceTree = "<group>"; };
		FBE9D5FB2AE3CB0D00933E1F /* Assets.xcassets */ = {isa = PBXFileReference; lastKnownFileType = folder.assetcatalog; path = Assets.xcassets; sourceTree = "<group>"; };
		FBE9D5FE2AE3CB0D00933E1F /* Preview Assets.xcassets */ = {isa = PBXFileReference; lastKnownFileType = folder.assetcatalog; path = "Preview Assets.xcassets"; sourceTree = "<group>"; };
		FBE9D6042AE3CB0D00933E1F /* To-doTests.xctest */ = {isa = PBXFileReference; explicitFileType = wrapper.cfbundle; includeInIndex = 0; path = "To-doTests.xctest"; sourceTree = BUILT_PRODUCTS_DIR; };
		FBE9D6082AE3CB0D00933E1F /* To_doTests.swift */ = {isa = PBXFileReference; lastKnownFileType = sourcecode.swift; path = To_doTests.swift; sourceTree = "<group>"; };
		FBE9D60E2AE3CB0D00933E1F /* To-doUITests.xctest */ = {isa = PBXFileReference; explicitFileType = wrapper.cfbundle; includeInIndex = 0; path = "To-doUITests.xctest"; sourceTree = BUILT_PRODUCTS_DIR; };
		FBE9D6122AE3CB0D00933E1F /* To_doUITests.swift */ = {isa = PBXFileReference; lastKnownFileType = sourcecode.swift; path = To_doUITests.swift; sourceTree = "<group>"; };
		FBE9D6142AE3CB0D00933E1F /* To_doUITestsLaunchTests.swift */ = {isa = PBXFileReference; lastKnownFileType = sourcecode.swift; path = To_doUITestsLaunchTests.swift; sourceTree = "<group>"; };
/* End PBXFileReference section */

/* Begin PBXFrameworksBuildPhase section */
		FBE9D5F12AE3CB0B00933E1F /* Frameworks */ = {
			isa = PBXFrameworksBuildPhase;
			buildActionMask = 2147483647;
			files = (
			);
			runOnlyForDeploymentPostprocessing = 0;
		};
		FBE9D6012AE3CB0D00933E1F /* Frameworks */ = {
			isa = PBXFrameworksBuildPhase;
			buildActionMask = 2147483647;
			files = (
			);
			runOnlyForDeploymentPostprocessing = 0;
		};
		FBE9D60B2AE3CB0D00933E1F /* Frameworks */ = {
			isa = PBXFrameworksBuildPhase;
			buildActionMask = 2147483647;
			files = (
			);
			runOnlyForDeploymentPostprocessing = 0;
		};
/* End PBXFrameworksBuildPhase section */

/* Begin PBXGroup section */
		FBE9D5EB2AE3CB0B00933E1F = {
			isa = PBXGroup;
			children = (
				FBE9D5F62AE3CB0B00933E1F /* To-do */,
				FBE9D6072AE3CB0D00933E1F /* To-doTests */,
				FBE9D6112AE3CB0D00933E1F /* To-doUITests */,
				FBE9D5F52AE3CB0B00933E1F /* Products */,
			);
			sourceTree = "<group>";
		};
		FBE9D5F52AE3CB0B00933E1F /* Products */ = {
			isa = PBXGroup;
			children = (
				FBE9D5F42AE3CB0B00933E1F /* To-do.app */,
				FBE9D6042AE3CB0D00933E1F /* To-doTests.xctest */,
				FBE9D60E2AE3CB0D00933E1F /* To-doUITests.xctest */,
			);
			name = Products;
			sourceTree = "<group>";
		};
		FBE9D5F62AE3CB0B00933E1F /* To-do */ = {
			isa = PBXGroup;
			children = (
				FBE9D5F72AE3CB0B00933E1F /* To_doApp.swift */,
				FBE9D5F92AE3CB0B00933E1F /* ContentView.swift */,
				FB1D00E72AEBEC0B0079D8CA /* TaskView.swift */,
				FBE9D5FB2AE3CB0D00933E1F /* Assets.xcassets */,
				FBE9D5FD2AE3CB0D00933E1F /* Preview Content */,
			);
			path = "To-do";
			sourceTree = "<group>";
		};
		FBE9D5FD2AE3CB0D00933E1F /* Preview Content */ = {
			isa = PBXGroup;
			children = (
				FBE9D5FE2AE3CB0D00933E1F /* Preview Assets.xcassets */,
			);
			path = "Preview Content";
			sourceTree = "<group>";
		};
		FBE9D6072AE3CB0D00933E1F /* To-doTests */ = {
			isa = PBXGroup;
			children = (
				FBE9D6082AE3CB0D00933E1F /* To_doTests.swift */,
			);
			path = "To-doTests";
			sourceTree = "<group>";
		};
		FBE9D6112AE3CB0D00933E1F /* To-doUITests */ = {
			isa = PBXGroup;
			children = (
				FBE9D6122AE3CB0D00933E1F /* To_doUITests.swift */,
				FBE9D6142AE3CB0D00933E1F /* To_doUITestsLaunchTests.swift */,
			);
			path = "To-doUITests";
			sourceTree = "<group>";
		};
/* End PBXGroup section */

/* Begin PBXNativeTarget section */
		FBE9D5F32AE3CB0B00933E1F /* To-do */ = {
			isa = PBXNativeTarget;
			buildConfigurationList = FBE9D6182AE3CB0D00933E1F /* Build configuration list for PBXNativeTarget "To-do" */;
			buildPhases = (
				FBE9D5F02AE3CB0B00933E1F /* Sources */,
				FBE9D5F12AE3CB0B00933E1F /* Frameworks */,
				FBE9D5F22AE3CB0B00933E1F /* Resources */,
			);
			buildRules = (
			);
			dependencies = (
			);
			name = "To-do";
			productName = "To-do";
			productReference = FBE9D5F42AE3CB0B00933E1F /* To-do.app */;
			productType = "com.apple.product-type.application";
		};
		FBE9D6032AE3CB0D00933E1F /* To-doTests */ = {
			isa = PBXNativeTarget;
			buildConfigurationList = FBE9D61B2AE3CB0D00933E1F /* Build configuration list for PBXNativeTarget "To-doTests" */;
			buildPhases = (
				FBE9D6002AE3CB0D00933E1F /* Sources */,
				FBE9D6012AE3CB0D00933E1F /* Frameworks */,
				FBE9D6022AE3CB0D00933E1F /* Resources */,
			);
			buildRules = (
			);
			dependencies = (
				FBE9D6062AE3CB0D00933E1F /* PBXTargetDependency */,
			);
			name = "To-doTests";
			productName = "To-doTests";
			productReference = FBE9D6042AE3CB0D00933E1F /* To-doTests.xctest */;
			productType = "com.apple.product-type.bundle.unit-test";
		};
		FBE9D60D2AE3CB0D00933E1F /* To-doUITests */ = {
			isa = PBXNativeTarget;
			buildConfigurationList = FBE9D61E2AE3CB0D00933E1F /* Build configuration list for PBXNativeTarget "To-doUITests" */;
			buildPhases = (
				FBE9D60A2AE3CB0D00933E1F /* Sources */,
				FBE9D60B2AE3CB0D00933E1F /* Frameworks */,
				FBE9D60C2AE3CB0D00933E1F /* Resources */,
			);
			buildRules = (
			);
			dependencies = (
				FBE9D6102AE3CB0D00933E1F /* PBXTargetDependency */,
			);
			name = "To-doUITests";
			productName = "To-doUITests";
			productReference = FBE9D60E2AE3CB0D00933E1F /* To-doUITests.xctest */;
			productType = "com.apple.product-type.bundle.ui-testing";
		};
/* End PBXNativeTarget section */

/* Begin PBXProject section */
		FBE9D5EC2AE3CB0B00933E1F /* Project object */ = {
			isa = PBXProject;
			attributes = {
				BuildIndependentTargetsInParallel = 1;
				LastSwiftUpdateCheck = 1500;
				LastUpgradeCheck = 1500;
				TargetAttributes = {
					FBE9D5F32AE3CB0B00933E1F = {
						CreatedOnToolsVersion = 15.0.1;
					};
					FBE9D6032AE3CB0D00933E1F = {
						CreatedOnToolsVersion = 15.0.1;
						TestTargetID = FBE9D5F32AE3CB0B00933E1F;
					};
					FBE9D60D2AE3CB0D00933E1F = {
						CreatedOnToolsVersion = 15.0.1;
						TestTargetID = FBE9D5F32AE3CB0B00933E1F;
					};
				};
			};
			buildConfigurationList = FBE9D5EF2AE3CB0B00933E1F /* Build configuration list for PBXProject "To-do" */;
			compatibilityVersion = "Xcode 14.0";
			developmentRegion = en;
			hasScannedForEncodings = 0;
			knownRegions = (
				en,
				Base,
			);
			mainGroup = FBE9D5EB2AE3CB0B00933E1F;
			productRefGroup = FBE9D5F52AE3CB0B00933E1F /* Products */;
			projectDirPath = "";
			projectRoot = "";
			targets = (
				FBE9D5F32AE3CB0B00933E1F /* To-do */,
				FBE9D6032AE3CB0D00933E1F /* To-doTests */,
				FBE9D60D2AE3CB0D00933E1F /* To-doUITests */,
			);
		};
/* End PBXProject section */

/* Begin PBXResourcesBuildPhase section */
		FBE9D5F22AE3CB0B00933E1F /* Resources */ = {
			isa = PBXResourcesBuildPhase;
			buildActionMask = 2147483647;
			files = (
				FBE9D5FF2AE3CB0D00933E1F /* Preview Assets.xcassets in Resources */,
				FBE9D5FC2AE3CB0D00933E1F /* Assets.xcassets in Resources */,
			);
			runOnlyForDeploymentPostprocessing = 0;
		};
		FBE9D6022AE3CB0D00933E1F /* Resources */ = {
			isa = PBXResourcesBuildPhase;
			buildActionMask = 2147483647;
			files = (
			);
			runOnlyForDeploymentPostprocessing = 0;
		};
		FBE9D60C2AE3CB0D00933E1F /* Resources */ = {
			isa = PBXResourcesBuildPhase;
			buildActionMask = 2147483647;
			files = (
			);
			runOnlyForDeploymentPostprocessing = 0;
		};
/* End PBXResourcesBuildPhase section */

/* Begin PBXSourcesBuildPhase section */
		FBE9D5F02AE3CB0B00933E1F /* Sources */ = {
			isa = PBXSourcesBuildPhase;
			buildActionMask = 2147483647;
			files = (
				FBE9D5FA2AE3CB0B00933E1F /* ContentView.swift in Sources */,
				FB1D00E82AEBEC0C0079D8CA /* TaskView.swift in Sources */,
				FBE9D5F82AE3CB0B00933E1F /* To_doApp.swift in Sources */,
			);
			runOnlyForDeploymentPostprocessing = 0;
		};
		FBE9D6002AE3CB0D00933E1F /* Sources */ = {
			isa = PBXSourcesBuildPhase;
			buildActionMask = 2147483647;
			files = (
				FBE9D6092AE3CB0D00933E1F /* To_doTests.swift in Sources */,
			);
			runOnlyForDeploymentPostprocessing = 0;
		};
		FBE9D60A2AE3CB0D00933E1F /* Sources */ = {
			isa = PBXSourcesBuildPhase;
			buildActionMask = 2147483647;
			files = (
				FBE9D6152AE3CB0D00933E1F /* To_doUITestsLaunchTests.swift in Sources */,
				FBE9D6132AE3CB0D00933E1F /* To_doUITests.swift in Sources */,
			);
			runOnlyForDeploymentPostprocessing = 0;
		};
/* End PBXSourcesBuildPhase section */

/* Begin PBXTargetDependency section */
		FBE9D6062AE3CB0D00933E1F /* PBXTargetDependency */ = {
			isa = PBXTargetDependency;
			target = FBE9D5F32AE3CB0B00933E1F /* To-do */;
			targetProxy = FBE9D6052AE3CB0D00933E1F /* PBXContainerItemProxy */;
		};
		FBE9D6102AE3CB0D00933E1F /* PBXTargetDependency */ = {
			isa = PBXTargetDependency;
			target = FBE9D5F32AE3CB0B00933E1F /* To-do */;
			targetProxy = FBE9D60F2AE3CB0D00933E1F /* PBXContainerItemProxy */;
		};
/* End PBXTargetDependency section */

/* Begin XCBuildConfiguration section */
		FBE9D6162AE3CB0D00933E1F /* Debug */ = {
			isa = XCBuildConfiguration;
			buildSettings = {
				ALWAYS_SEARCH_USER_PATHS = NO;
				ASSETCATALOG_COMPILER_GENERATE_SWIFT_ASSET_SYMBOL_EXTENSIONS = YES;
				CLANG_ANALYZER_NONNULL = YES;
				CLANG_ANALYZER_NUMBER_OBJECT_CONVERSION = YES_AGGRESSIVE;
				CLANG_CXX_LANGUAGE_STANDARD = "gnu++20";
				CLANG_ENABLE_MODULES = YES;
				CLANG_ENABLE_OBJC_ARC = YES;
				CLANG_ENABLE_OBJC_WEAK = YES;
				CLANG_WARN_BLOCK_CAPTURE_AUTORELEASING = YES;
				CLANG_WARN_BOOL_CONVERSION = YES;
				CLANG_WARN_COMMA = YES;
				CLANG_WARN_CONSTANT_CONVERSION = YES;
				CLANG_WARN_DEPRECATED_OBJC_IMPLEMENTATIONS = YES;
				CLANG_WARN_DIRECT_OBJC_ISA_USAGE = YES_ERROR;
				CLANG_WARN_DOCUMENTATION_COMMENTS = YES;
				CLANG_WARN_EMPTY_BODY = YES;
				CLANG_WARN_ENUM_CONVERSION = YES;
				CLANG_WARN_INFINITE_RECURSION = YES;
				CLANG_WARN_INT_CONVERSION = YES;
				CLANG_WARN_NON_LITERAL_NULL_CONVERSION = YES;
				CLANG_WARN_OBJC_IMPLICIT_RETAIN_SELF = YES;
				CLANG_WARN_OBJC_LITERAL_CONVERSION = YES;
				CLANG_WARN_OBJC_ROOT_CLASS = YES_ERROR;
				CLANG_WARN_QUOTED_INCLUDE_IN_FRAMEWORK_HEADER = YES;
				CLANG_WARN_RANGE_LOOP_ANALYSIS = YES;
				CLANG_WARN_STRICT_PROTOTYPES = YES;
				CLANG_WARN_SUSPICIOUS_MOVE = YES;
				CLANG_WARN_UNGUARDED_AVAILABILITY = YES_AGGRESSIVE;
				CLANG_WARN_UNREACHABLE_CODE = YES;
				CLANG_WARN__DUPLICATE_METHOD_MATCH = YES;
				COPY_PHASE_STRIP = NO;
				DEBUG_INFORMATION_FORMAT = dwarf;
				ENABLE_STRICT_OBJC_MSGSEND = YES;
				ENABLE_TESTABILITY = YES;
				ENABLE_USER_SCRIPT_SANDBOXING = YES;
				GCC_C_LANGUAGE_STANDARD = gnu17;
				GCC_DYNAMIC_NO_PIC = NO;
				GCC_NO_COMMON_BLOCKS = YES;
				GCC_OPTIMIZATION_LEVEL = 0;
				GCC_PREPROCESSOR_DEFINITIONS = (
					"DEBUG=1",
					"$(inherited)",
				);
				GCC_WARN_64_TO_32_BIT_CONVERSION = YES;
				GCC_WARN_ABOUT_RETURN_TYPE = YES_ERROR;
				GCC_WARN_UNDECLARED_SELECTOR = YES;
				GCC_WARN_UNINITIALIZED_AUTOS = YES_AGGRESSIVE;
				GCC_WARN_UNUSED_FUNCTION = YES;
				GCC_WARN_UNUSED_VARIABLE = YES;
				IPHONEOS_DEPLOYMENT_TARGET = 17.0;
				LOCALIZATION_PREFERS_STRING_CATALOGS = YES;
				MTL_ENABLE_DEBUG_INFO = INCLUDE_SOURCE;
				MTL_FAST_MATH = YES;
				ONLY_ACTIVE_ARCH = YES;
				SDKROOT = iphoneos;
				SWIFT_ACTIVE_COMPILATION_CONDITIONS = "DEBUG $(inherited)";
				SWIFT_OPTIMIZATION_LEVEL = "-Onone";
			};
			name = Debug;
		};
		FBE9D6172AE3CB0D00933E1F /* Release */ = {
			isa = XCBuildConfiguration;
			buildSettings = {
				ALWAYS_SEARCH_USER_PATHS = NO;
				ASSETCATALOG_COMPILER_GENERATE_SWIFT_ASSET_SYMBOL_EXTENSIONS = YES;
				CLANG_ANALYZER_NONNULL = YES;
				CLANG_ANALYZER_NUMBER_OBJECT_CONVERSION = YES_AGGRESSIVE;
				CLANG_CXX_LANGUAGE_STANDARD = "gnu++20";
				CLANG_ENABLE_MODULES = YES;
				CLANG_ENABLE_OBJC_ARC = YES;
				CLANG_ENABLE_OBJC_WEAK = YES;
				CLANG_WARN_BLOCK_CAPTURE_AUTORELEASING = YES;
				CLANG_WARN_BOOL_CONVERSION = YES;
				CLANG_WARN_COMMA = YES;
				CLANG_WARN_CONSTANT_CONVERSION = YES;
				CLANG_WARN_DEPRECATED_OBJC_IMPLEMENTATIONS = YES;
				CLANG_WARN_DIRECT_OBJC_ISA_USAGE = YES_ERROR;
				CLANG_WARN_DOCUMENTATION_COMMENTS = YES;
				CLANG_WARN_EMPTY_BODY = YES;
				CLANG_WARN_ENUM_CONVERSION = YES;
				CLANG_WARN_INFINITE_RECURSION = YES;
				CLANG_WARN_INT_CONVERSION = YES;
				CLANG_WARN_NON_LITERAL_NULL_CONVERSION = YES;
				CLANG_WARN_OBJC_IMPLICIT_RETAIN_SELF = YES;
				CLANG_WARN_OBJC_LITERAL_CONVERSION = YES;
				CLANG_WARN_OBJC_ROOT_CLASS = YES_ERROR;
				CLANG_WARN_QUOTED_INCLUDE_IN_FRAMEWORK_HEADER = YES;
				CLANG_WARN_RANGE_LOOP_ANALYSIS = YES;
				CLANG_WARN_STRICT_PROTOTYPES = YES;
				CLANG_WARN_SUSPICIOUS_MOVE = YES;
				CLANG_WARN_UNGUARDED_AVAILABILITY = YES_AGGRESSIVE;
				CLANG_WARN_UNREACHABLE_CODE = YES;
				CLANG_WARN__DUPLICATE_METHOD_MATCH = YES;
				COPY_PHASE_STRIP = NO;
				DEBUG_INFORMATION_FORMAT = "dwarf-with-dsym";
				ENABLE_NS_ASSERTIONS = NO;
				ENABLE_STRICT_OBJC_MSGSEND = YES;
				ENABLE_USER_SCRIPT_SANDBOXING = YES;
				GCC_C_LANGUAGE_STANDARD = gnu17;
				GCC_NO_COMMON_BLOCKS = YES;
				GCC_WARN_64_TO_32_BIT_CONVERSION = YES;
				GCC_WARN_ABOUT_RETURN_TYPE = YES_ERROR;
				GCC_WARN_UNDECLARED_SELECTOR = YES;
				GCC_WARN_UNINITIALIZED_AUTOS = YES_AGGRESSIVE;
				GCC_WARN_UNUSED_FUNCTION = YES;
				GCC_WARN_UNUSED_VARIABLE = YES;
				IPHONEOS_DEPLOYMENT_TARGET = 17.0;
				LOCALIZATION_PREFERS_STRING_CATALOGS = YES;
				MTL_ENABLE_DEBUG_INFO = NO;
				MTL_FAST_MATH = YES;
				SDKROOT = iphoneos;
				SWIFT_COMPILATION_MODE = wholemodule;
				VALIDATE_PRODUCT = YES;
			};
			name = Release;
		};
		FBE9D6192AE3CB0D00933E1F /* Debug */ = {
			isa = XCBuildConfiguration;
			buildSettings = {
				ASSETCATALOG_COMPILER_APPICON_NAME = AppIcon;
				ASSETCATALOG_COMPILER_GLOBAL_ACCENT_COLOR_NAME = AccentColor;
				CODE_SIGN_STYLE = Automatic;
				CURRENT_PROJECT_VERSION = 1;
				DEVELOPMENT_ASSET_PATHS = "\"To-do/Preview Content\"";
				ENABLE_PREVIEWS = YES;
				GENERATE_INFOPLIST_FILE = YES;
				INFOPLIST_KEY_UIApplicationSceneManifest_Generation = YES;
				INFOPLIST_KEY_UIApplicationSupportsIndirectInputEvents = YES;
				INFOPLIST_KEY_UILaunchScreen_Generation = YES;
				INFOPLIST_KEY_UISupportedInterfaceOrientations_iPad = "UIInterfaceOrientationPortrait UIInterfaceOrientationPortraitUpsideDown UIInterfaceOrientationLandscapeLeft UIInterfaceOrientationLandscapeRight";
				INFOPLIST_KEY_UISupportedInterfaceOrientations_iPhone = "UIInterfaceOrientationPortrait UIInterfaceOrientationLandscapeLeft UIInterfaceOrientationLandscapeRight";
				LD_RUNPATH_SEARCH_PATHS = (
					"$(inherited)",
					"@executable_path/Frameworks",
				);
				MARKETING_VERSION = 1.0;
				PRODUCT_BUNDLE_IDENTIFIER = "App-fu-r-to-do-s.To-do";
				PRODUCT_NAME = "$(TARGET_NAME)";
				SWIFT_EMIT_LOC_STRINGS = YES;
				SWIFT_VERSION = 5.0;
				TARGETED_DEVICE_FAMILY = "1,2";
			};
			name = Debug;
		};
		FBE9D61A2AE3CB0D00933E1F /* Release */ = {
			isa = XCBuildConfiguration;
			buildSettings = {
				ASSETCATALOG_COMPILER_APPICON_NAME = AppIcon;
				ASSETCATALOG_COMPILER_GLOBAL_ACCENT_COLOR_NAME = AccentColor;
				CODE_SIGN_STYLE = Automatic;
				CURRENT_PROJECT_VERSION = 1;
				DEVELOPMENT_ASSET_PATHS = "\"To-do/Preview Content\"";
				ENABLE_PREVIEWS = YES;
				GENERATE_INFOPLIST_FILE = YES;
				INFOPLIST_KEY_UIApplicationSceneManifest_Generation = YES;
				INFOPLIST_KEY_UIApplicationSupportsIndirectInputEvents = YES;
				INFOPLIST_KEY_UILaunchScreen_Generation = YES;
				INFOPLIST_KEY_UISupportedInterfaceOrientations_iPad = "UIInterfaceOrientationPortrait UIInterfaceOrientationPortraitUpsideDown UIInterfaceOrientationLandscapeLeft UIInterfaceOrientationLandscapeRight";
				INFOPLIST_KEY_UISupportedInterfaceOrientations_iPhone = "UIInterfaceOrientationPortrait UIInterfaceOrientationLandscapeLeft UIInterfaceOrientationLandscapeRight";
				LD_RUNPATH_SEARCH_PATHS = (
					"$(inherited)",
					"@executable_path/Frameworks",
				);
				MARKETING_VERSION = 1.0;
				PRODUCT_BUNDLE_IDENTIFIER = "App-fu-r-to-do-s.To-do";
				PRODUCT_NAME = "$(TARGET_NAME)";
				SWIFT_EMIT_LOC_STRINGS = YES;
				SWIFT_VERSION = 5.0;
				TARGETED_DEVICE_FAMILY = "1,2";
			};
			name = Release;
		};
		FBE9D61C2AE3CB0D00933E1F /* Debug */ = {
			isa = XCBuildConfiguration;
			buildSettings = {
				ALWAYS_EMBED_SWIFT_STANDARD_LIBRARIES = YES;
				BUNDLE_LOADER = "$(TEST_HOST)";
				CODE_SIGN_STYLE = Automatic;
				CURRENT_PROJECT_VERSION = 1;
				GENERATE_INFOPLIST_FILE = YES;
				IPHONEOS_DEPLOYMENT_TARGET = 17.0;
				MARKETING_VERSION = 1.0;
				PRODUCT_BUNDLE_IDENTIFIER = "App-fu-r-to-do-s.To-doTests";
				PRODUCT_NAME = "$(TARGET_NAME)";
				SWIFT_EMIT_LOC_STRINGS = NO;
				SWIFT_VERSION = 5.0;
				TARGETED_DEVICE_FAMILY = "1,2";
				TEST_HOST = "$(BUILT_PRODUCTS_DIR)/To-do.app/$(BUNDLE_EXECUTABLE_FOLDER_PATH)/To-do";
			};
			name = Debug;
		};
		FBE9D61D2AE3CB0D00933E1F /* Release */ = {
			isa = XCBuildConfiguration;
			buildSettings = {
				ALWAYS_EMBED_SWIFT_STANDARD_LIBRARIES = YES;
				BUNDLE_LOADER = "$(TEST_HOST)";
				CODE_SIGN_STYLE = Automatic;
				CURRENT_PROJECT_VERSION = 1;
				GENERATE_INFOPLIST_FILE = YES;
				IPHONEOS_DEPLOYMENT_TARGET = 17.0;
				MARKETING_VERSION = 1.0;
				PRODUCT_BUNDLE_IDENTIFIER = "App-fu-r-to-do-s.To-doTests";
				PRODUCT_NAME = "$(TARGET_NAME)";
				SWIFT_EMIT_LOC_STRINGS = NO;
				SWIFT_VERSION = 5.0;
				TARGETED_DEVICE_FAMILY = "1,2";
				TEST_HOST = "$(BUILT_PRODUCTS_DIR)/To-do.app/$(BUNDLE_EXECUTABLE_FOLDER_PATH)/To-do";
			};
			name = Release;
		};
		FBE9D61F2AE3CB0D00933E1F /* Debug */ = {
			isa = XCBuildConfiguration;
			buildSettings = {
				ALWAYS_EMBED_SWIFT_STANDARD_LIBRARIES = YES;
				CODE_SIGN_STYLE = Automatic;
				CURRENT_PROJECT_VERSION = 1;
				GENERATE_INFOPLIST_FILE = YES;
				MARKETING_VERSION = 1.0;
				PRODUCT_BUNDLE_IDENTIFIER = "App-fu-r-to-do-s.To-doUITests";
				PRODUCT_NAME = "$(TARGET_NAME)";
				SWIFT_EMIT_LOC_STRINGS = NO;
				SWIFT_VERSION = 5.0;
				TARGETED_DEVICE_FAMILY = "1,2";
				TEST_TARGET_NAME = "To-do";
			};
			name = Debug;
		};
		FBE9D6202AE3CB0D00933E1F /* Release */ = {
			isa = XCBuildConfiguration;
			buildSettings = {
				ALWAYS_EMBED_SWIFT_STANDARD_LIBRARIES = YES;
				CODE_SIGN_STYLE = Automatic;
				CURRENT_PROJECT_VERSION = 1;
				GENERATE_INFOPLIST_FILE = YES;
				MARKETING_VERSION = 1.0;
				PRODUCT_BUNDLE_IDENTIFIER = "App-fu-r-to-do-s.To-doUITests";
				PRODUCT_NAME = "$(TARGET_NAME)";
				SWIFT_EMIT_LOC_STRINGS = NO;
				SWIFT_VERSION = 5.0;
				TARGETED_DEVICE_FAMILY = "1,2";
				TEST_TARGET_NAME = "To-do";
			};
			name = Release;
		};
/* End XCBuildConfiguration section */

/* Begin XCConfigurationList section */
		FBE9D5EF2AE3CB0B00933E1F /* Build configuration list for PBXProject "To-do" */ = {
			isa = XCConfigurationList;
			buildConfigurations = (
				FBE9D6162AE3CB0D00933E1F /* Debug */,
				FBE9D6172AE3CB0D00933E1F /* Release */,
			);
			defaultConfigurationIsVisible = 0;
			defaultConfigurationName = Release;
		};
		FBE9D6182AE3CB0D00933E1F /* Build configuration list for PBXNativeTarget "To-do" */ = {
			isa = XCConfigurationList;
			buildConfigurations = (
				FBE9D6192AE3CB0D00933E1F /* Debug */,
				FBE9D61A2AE3CB0D00933E1F /* Release */,
			);
			defaultConfigurationIsVisible = 0;
			defaultConfigurationName = Release;
		};
		FBE9D61B2AE3CB0D00933E1F /* Build configuration list for PBXNativeTarget "To-doTests" */ = {
			isa = XCConfigurationList;
			buildConfigurations = (
				FBE9D61C2AE3CB0D00933E1F /* Debug */,
				FBE9D61D2AE3CB0D00933E1F /* Release */,
			);
			defaultConfigurationIsVisible = 0;
			defaultConfigurationName = Release;
		};
		FBE9D61E2AE3CB0D00933E1F /* Build configuration list for PBXNativeTarget "To-doUITests" */ = {
			isa = XCConfigurationList;
			buildConfigurations = (
				FBE9D61F2AE3CB0D00933E1F /* Debug */,
				FBE9D6202AE3CB0D00933E1F /* Release */,
			);
			defaultConfigurationIsVisible = 0;
			defaultConfigurationName = Release;
		};
/* End XCConfigurationList section */
	};
	rootObject = FBE9D5EC2AE3CB0B00933E1F /* Project object */;
}
